// !$*UTF8*$!
{
	archiveVersion = 1;
	classes = {
	};
	objectVersion = 77;
	objects = {

/* Begin PBXBuildFile section */
		01C8333A1D286D6376E50EB3 /* RudderApp.swift in Sources */ = {isa = PBXBuildFile; fileRef = 01E2A801CA49EBAF38EDF27D /* RudderApp.swift */; };
		05DAE1340417E6FDA83F18D6 /* AnalysisView.swift in Sources */ = {isa = PBXBuildFile; fileRef = FE8350CF53FE2FF0F11A9AF5 /* AnalysisView.swift */; };
		076C27D9F28624B3A990B993 /* EndToEndTests.swift in Sources */ = {isa = PBXBuildFile; fileRef = D4847B014C5DB973D36FF669 /* EndToEndTests.swift */; };
		0D7572244D9A0DA3229A265E /* RudderCore in Frameworks */ = {isa = PBXBuildFile; productRef = B8A64398D7992C0CE5EC0A3F /* RudderCore */; };
		1206040E30E1A808B9F002FD /* RudderShortcuts.swift in Sources */ = {isa = PBXBuildFile; fileRef = 987339EC52A0C5B250644522 /* RudderShortcuts.swift */; };
		1267F2EA77531B1A9F139409 /* RudderCore in Frameworks */ = {isa = PBXBuildFile; productRef = F94935425AE209B19F4999AE /* RudderCore */; };
		1D164F516F74A7CE07498B59 /* EntitlementTests.swift in Sources */ = {isa = PBXBuildFile; fileRef = 20D540AC56EB3EA5E0B11DCD /* EntitlementTests.swift */; };
		26F7E0EC99607CB10CB36CE8 /* RudderFlow in Frameworks */ = {isa = PBXBuildFile; productRef = 0DEC87AAEE1EC740961200FE /* RudderFlow */; };
		393195DDC5B7142E561FADF5 /* RudderTheme.swift in Sources */ = {isa = PBXBuildFile; fileRef = CBCA3FBF51795940B98292CE /* RudderTheme.swift */; };
		4015C26264200C3D417C8F88 /* UITestHarness.swift in Sources */ = {isa = PBXBuildFile; fileRef = 79054BCDEBD80D42962A6C22 /* UITestHarness.swift */; };
		4224A539DCE76D86B8ADDCE6 /* RudderUITests.swift in Sources */ = {isa = PBXBuildFile; fileRef = CAE57F201BF565C9AF0CF4EA /* RudderUITests.swift */; };
		4C8F44EF557DAB0ECC551D40 /* PersistenceServiceTests.swift in Sources */ = {isa = PBXBuildFile; fileRef = 2C959B0BD4C2EA15F24A61D7 /* PersistenceServiceTests.swift */; };
		4D9BE34EA7F866E1024E3605 /* ProfileView.swift in Sources */ = {isa = PBXBuildFile; fileRef = 2FC170525F82A87D3CAE08BE /* ProfileView.swift */; };
		638982C041B920B48FE60A42 /* RootView.swift in Sources */ = {isa = PBXBuildFile; fileRef = CE8E64B6EFC6C418936C2804 /* RootView.swift */; };
		63FA111DDFEFCD744E7DCE7F /* DecisionDetailsView.swift in Sources */ = {isa = PBXBuildFile; fileRef = 2EDDDF5A02C9F0F452BE9277 /* DecisionDetailsView.swift */; };
		75CCF1272437CE7BD5752D44 /* AppEnvironment.swift in Sources */ = {isa = PBXBuildFile; fileRef = CFB5EC4557070D2961A97323 /* AppEnvironment.swift */; };
		85C05B353439F5665FB51B5B /* HomeView.swift in Sources */ = {isa = PBXBuildFile; fileRef = 20CFBBE9E41FD0C86FD61988 /* HomeView.swift */; };
		9163E5ABBA7F8C8F0327D3AB /* PersistenceService.swift in Sources */ = {isa = PBXBuildFile; fileRef = F112DAB7643C06571B0F5DC0 /* PersistenceService.swift */; };
		9306A4115F934433A11BFBD1 /* DecisionsView.swift in Sources */ = {isa = PBXBuildFile; fileRef = 186B3CAFA3C552ECEF90EA4C /* DecisionsView.swift */; };
		B8C1A13D88C7F57DA4CBADBA /* PaywallView.swift in Sources */ = {isa = PBXBuildFile; fileRef = 3422E089C01C33D7B7C4EC14 /* PaywallView.swift */; };
		BD240AC1ED4FE36702C3DBB2 /* RecommendationView.swift in Sources */ = {isa = PBXBuildFile; fileRef = 3A218437E08E71944680822E /* RecommendationView.swift */; };
		C08A70B4CA68421AED1E3E71 /* RudderComponents.swift in Sources */ = {isa = PBXBuildFile; fileRef = 8F7CA84ADFCC3B3C9AE159B6 /* RudderComponents.swift */; };
		D50716B9F01402CD4E94C4A6 /* RudderFlow in Frameworks */ = {isa = PBXBuildFile; productRef = E5FD8D25D28A005B927A7DCA /* RudderFlow */; };
		DAE01BFE94A84AF84F8F33C8 /* DecisionFlowView.swift in Sources */ = {isa = PBXBuildFile; fileRef = BC92AA826F25120E0B2A1306 /* DecisionFlowView.swift */; };
		DD13FEA0F23184BF1EC611DE /* PrivacyInfo.xcprivacy in Resources */ = {isa = PBXBuildFile; fileRef = 42A590323396990BCBAA203F /* PrivacyInfo.xcprivacy */; };
		EFB81D6D6C3BEA3FF877327F /* SubscriptionService.swift in Sources */ = {isa = PBXBuildFile; fileRef = 907498C607F1070DE9CDBD4C /* SubscriptionService.swift */; };
		F23200FD98BF76BF59388420 /* PersistenceModels.swift in Sources */ = {isa = PBXBuildFile; fileRef = ED5DF426E98B5358999EEDD7 /* PersistenceModels.swift */; };
		F781F5D7C3A1DAEC6967EB4C /* Assets.xcassets in Resources */ = {isa = PBXBuildFile; fileRef = D99585940BDA9BE08706266D /* Assets.xcassets */; };
/* End PBXBuildFile section */

/* Begin PBXContainerItemProxy section */
		0DE971DCDA5D8B1BCD885960 /* PBXContainerItemProxy */ = {
			isa = PBXContainerItemProxy;
			containerPortal = FACA6BF13F559F951850C77B /* Project object */;
			proxyType = 1;
			remoteGlobalIDString = 5E53540D7499EDDBBC72960B;
			remoteInfo = Rudder;
		};
		B092A0C23B6BF68B23E0EA1B /* PBXContainerItemProxy */ = {
			isa = PBXContainerItemProxy;
			containerPortal = FACA6BF13F559F951850C77B /* Project object */;
			proxyType = 1;
			remoteGlobalIDString = 5E53540D7499EDDBBC72960B;
			remoteInfo = Rudder;
		};
/* End PBXContainerItemProxy section */

/* Begin PBXFileReference section */
		01E2A801CA49EBAF38EDF27D /* RudderApp.swift */ = {isa = PBXFileReference; lastKnownFileType = sourcecode.swift; path = RudderApp.swift; sourceTree = "<group>"; };
		186B3CAFA3C552ECEF90EA4C /* DecisionsView.swift */ = {isa = PBXFileReference; lastKnownFileType = sourcecode.swift; path = DecisionsView.swift; sourceTree = "<group>"; };
		20CFBBE9E41FD0C86FD61988 /* HomeView.swift */ = {isa = PBXFileReference; lastKnownFileType = sourcecode.swift; path = HomeView.swift; sourceTree = "<group>"; };
		20D540AC56EB3EA5E0B11DCD /* EntitlementTests.swift */ = {isa = PBXFileReference; lastKnownFileType = sourcecode.swift; path = EntitlementTests.swift; sourceTree = "<group>"; };
		2C959B0BD4C2EA15F24A61D7 /* PersistenceServiceTests.swift */ = {isa = PBXFileReference; lastKnownFileType = sourcecode.swift; path = PersistenceServiceTests.swift; sourceTree = "<group>"; };
		2E3844136B9D4042F91A2275 /* RudderTests.xctest */ = {isa = PBXFileReference; includeInIndex = 0; lastKnownFileType = wrapper.cfbundle; path = RudderTests.xctest; sourceTree = BUILT_PRODUCTS_DIR; };
		2EDDDF5A02C9F0F452BE9277 /* DecisionDetailsView.swift */ = {isa = PBXFileReference; lastKnownFileType = sourcecode.swift; path = DecisionDetailsView.swift; sourceTree = "<group>"; };
		2FC170525F82A87D3CAE08BE /* ProfileView.swift */ = {isa = PBXFileReference; lastKnownFileType = sourcecode.swift; path = ProfileView.swift; sourceTree = "<group>"; };
		3422E089C01C33D7B7C4EC14 /* PaywallView.swift */ = {isa = PBXFileReference; lastKnownFileType = sourcecode.swift; path = PaywallView.swift; sourceTree = "<group>"; };
		3A218437E08E71944680822E /* RecommendationView.swift */ = {isa = PBXFileReference; lastKnownFileType = sourcecode.swift; path = RecommendationView.swift; sourceTree = "<group>"; };
		42A590323396990BCBAA203F /* PrivacyInfo.xcprivacy */ = {isa = PBXFileReference; path = PrivacyInfo.xcprivacy; sourceTree = "<group>"; };
		450395F033EAD537FB1B38EE /* RudderKit */ = {isa = PBXFileReference; lastKnownFileType = folder; name = RudderKit; path = Packages/RudderKit; sourceTree = SOURCE_ROOT; };
		58CE60A474E30C67E1B15A79 /* Rudder.app */ = {isa = PBXFileReference; includeInIndex = 0; lastKnownFileType = wrapper.application; path = Rudder.app; sourceTree = BUILT_PRODUCTS_DIR; };
		79054BCDEBD80D42962A6C22 /* UITestHarness.swift */ = {isa = PBXFileReference; lastKnownFileType = sourcecode.swift; path = UITestHarness.swift; sourceTree = "<group>"; };
		8F7CA84ADFCC3B3C9AE159B6 /* RudderComponents.swift */ = {isa = PBXFileReference; lastKnownFileType = sourcecode.swift; path = RudderComponents.swift; sourceTree = "<group>"; };
		907498C607F1070DE9CDBD4C /* SubscriptionService.swift */ = {isa = PBXFileReference; lastKnownFileType = sourcecode.swift; path = SubscriptionService.swift; sourceTree = "<group>"; };
		987339EC52A0C5B250644522 /* RudderShortcuts.swift */ = {isa = PBXFileReference; lastKnownFileType = sourcecode.swift; path = RudderShortcuts.swift; sourceTree = "<group>"; };
		BC92AA826F25120E0B2A1306 /* DecisionFlowView.swift */ = {isa = PBXFileReference; lastKnownFileType = sourcecode.swift; path = DecisionFlowView.swift; sourceTree = "<group>"; };
		C973B1188B363232E4D5CC88 /* RudderUITests.xctest */ = {isa = PBXFileReference; includeInIndex = 0; lastKnownFileType = wrapper.cfbundle; path = RudderUITests.xctest; sourceTree = BUILT_PRODUCTS_DIR; };
		CAE57F201BF565C9AF0CF4EA /* RudderUITests.swift */ = {isa = PBXFileReference; lastKnownFileType = sourcecode.swift; path = RudderUITests.swift; sourceTree = "<group>"; };
		CBCA3FBF51795940B98292CE /* RudderTheme.swift */ = {isa = PBXFileReference; lastKnownFileType = sourcecode.swift; path = RudderTheme.swift; sourceTree = "<group>"; };
		CE8E64B6EFC6C418936C2804 /* RootView.swift */ = {isa = PBXFileReference; lastKnownFileType = sourcecode.swift; path = RootView.swift; sourceTree = "<group>"; };
		CEE1A921638524CB27EA6EB9 /* Release.xcconfig */ = {isa = PBXFileReference; lastKnownFileType = text.xcconfig; path = Release.xcconfig; sourceTree = "<group>"; };
		CFB5EC4557070D2961A97323 /* AppEnvironment.swift */ = {isa = PBXFileReference; lastKnownFileType = sourcecode.swift; path = AppEnvironment.swift; sourceTree = "<group>"; };
		D4847B014C5DB973D36FF669 /* EndToEndTests.swift */ = {isa = PBXFileReference; lastKnownFileType = sourcecode.swift; path = EndToEndTests.swift; sourceTree = "<group>"; };
		D99585940BDA9BE08706266D /* Assets.xcassets */ = {isa = PBXFileReference; lastKnownFileType = folder.assetcatalog; path = Assets.xcassets; sourceTree = "<group>"; };
		ED5DF426E98B5358999EEDD7 /* PersistenceModels.swift */ = {isa = PBXFileReference; lastKnownFileType = sourcecode.swift; path = PersistenceModels.swift; sourceTree = "<group>"; };
		F112DAB7643C06571B0F5DC0 /* PersistenceService.swift */ = {isa = PBXFileReference; lastKnownFileType = sourcecode.swift; path = PersistenceService.swift; sourceTree = "<group>"; };
		FC9987B51A64B70B271C1709 /* Debug.xcconfig */ = {isa = PBXFileReference; lastKnownFileType = text.xcconfig; path = Debug.xcconfig; sourceTree = "<group>"; };
		FE8350CF53FE2FF0F11A9AF5 /* AnalysisView.swift */ = {isa = PBXFileReference; lastKnownFileType = sourcecode.swift; path = AnalysisView.swift; sourceTree = "<group>"; };
/* End PBXFileReference section */

/* Begin PBXFrameworksBuildPhase section */
		71BD9D2DA7565CBD7D92A91C /* Frameworks */ = {
			isa = PBXFrameworksBuildPhase;
			buildActionMask = 2147483647;
			files = (
				1267F2EA77531B1A9F139409 /* RudderCore in Frameworks */,
				26F7E0EC99607CB10CB36CE8 /* RudderFlow in Frameworks */,
			);
			runOnlyForDeploymentPostprocessing = 0;
		};
		E014144C3B87701F6B38BA68 /* Frameworks */ = {
			isa = PBXFrameworksBuildPhase;
			buildActionMask = 2147483647;
			files = (
				0D7572244D9A0DA3229A265E /* RudderCore in Frameworks */,
				D50716B9F01402CD4E94C4A6 /* RudderFlow in Frameworks */,
			);
			runOnlyForDeploymentPostprocessing = 0;
		};
/* End PBXFrameworksBuildPhase section */

/* Begin PBXGroup section */
		02F2CFBBA0F807B449970372 /* DecisionDetails */ = {
			isa = PBXGroup;
			children = (
				FE8350CF53FE2FF0F11A9AF5 /* AnalysisView.swift */,
				2EDDDF5A02C9F0F452BE9277 /* DecisionDetailsView.swift */,
			);
			path = DecisionDetails;
			sourceTree = "<group>";
		};
		0362D6146A63519DD1BDA005 /* RudderAppTests */ = {
			isa = PBXGroup;
			children = (
				D4847B014C5DB973D36FF669 /* EndToEndTests.swift */,
				20D540AC56EB3EA5E0B11DCD /* EntitlementTests.swift */,
				2C959B0BD4C2EA15F24A61D7 /* PersistenceServiceTests.swift */,
			);
			path = RudderAppTests;
			sourceTree = "<group>";
		};
		06FA83277432E5AAC777014C /* Config */ = {
			isa = PBXGroup;
			children = (
				FC9987B51A64B70B271C1709 /* Debug.xcconfig */,
				CEE1A921638524CB27EA6EB9 /* Release.xcconfig */,
			);
			path = Config;
			sourceTree = "<group>";
		};
		072259DFDC26ACFDC843696C /* Services */ = {
			isa = PBXGroup;
			children = (
				ED5DF426E98B5358999EEDD7 /* PersistenceModels.swift */,
				F112DAB7643C06571B0F5DC0 /* PersistenceService.swift */,
				907498C607F1070DE9CDBD4C /* SubscriptionService.swift */,
				79054BCDEBD80D42962A6C22 /* UITestHarness.swift */,
			);
			path = Services;
			sourceTree = "<group>";
		};
		1DF40B292D8B0B405E1DC336 = {
			isa = PBXGroup;
			children = (
				80277CD14921C884A8BF96F0 /* App */,
				06FA83277432E5AAC777014C /* Config */,
				BFDA317FC987F5469289DD97 /* Packages */,
				DB47AAA5EAEC34C5A297B3A1 /* Tests */,
				3F11AE93B17AD2E6F4737658 /* Products */,
			);
			sourceTree = "<group>";
		};
		1F67B7F6114B72D8A484F88F /* RudderUITests */ = {
			isa = PBXGroup;
			children = (
				CAE57F201BF565C9AF0CF4EA /* RudderUITests.swift */,
			);
			path = RudderUITests;
			sourceTree = "<group>";
		};
		3F11AE93B17AD2E6F4737658 /* Products */ = {
			isa = PBXGroup;
			children = (
				58CE60A474E30C67E1B15A79 /* Rudder.app */,
				2E3844136B9D4042F91A2275 /* RudderTests.xctest */,
				C973B1188B363232E4D5CC88 /* RudderUITests.xctest */,
			);
			name = Products;
			sourceTree = "<group>";
		};
		50459F8308AEF97F4F6CA40D /* App */ = {
			isa = PBXGroup;
			children = (
				CFB5EC4557070D2961A97323 /* AppEnvironment.swift */,
				CE8E64B6EFC6C418936C2804 /* RootView.swift */,
				01E2A801CA49EBAF38EDF27D /* RudderApp.swift */,
				987339EC52A0C5B250644522 /* RudderShortcuts.swift */,
			);
			path = App;
			sourceTree = "<group>";
		};
		6256581D6036CB34D8AF62B5 /* Decisions */ = {
			isa = PBXGroup;
			children = (
				186B3CAFA3C552ECEF90EA4C /* DecisionsView.swift */,
			);
			path = Decisions;
			sourceTree = "<group>";
		};
		668EC6EC4CD64115102AD896 /* Home */ = {
			isa = PBXGroup;
			children = (
				20CFBBE9E41FD0C86FD61988 /* HomeView.swift */,
			);
			path = Home;
			sourceTree = "<group>";
		};
		685093DF31211CF89CD5B2FA /* Profile */ = {
			isa = PBXGroup;
			children = (
				2FC170525F82A87D3CAE08BE /* ProfileView.swift */,
			);
			path = Profile;
			sourceTree = "<group>";
		};
		755E9DB91611EC971BB26623 /* Components */ = {
			isa = PBXGroup;
			children = (
				8F7CA84ADFCC3B3C9AE159B6 /* RudderComponents.swift */,
			);
			path = Components;
			sourceTree = "<group>";
		};
		80277CD14921C884A8BF96F0 /* App */ = {
			isa = PBXGroup;
			children = (
				50459F8308AEF97F4F6CA40D /* App */,
				C2A75667104EE25123EBADD6 /* Features */,
				EA130D481F9138597E2E776C /* Resources */,
				072259DFDC26ACFDC843696C /* Services */,
				8099DA1F6284B02296F984CA /* Shared */,
			);
			path = App;
			sourceTree = "<group>";
		};
		8099DA1F6284B02296F984CA /* Shared */ = {
			isa = PBXGroup;
			children = (
				755E9DB91611EC971BB26623 /* Components */,
				998969468E70D792ACC6DFDF /* DesignSystem */,
			);
			path = Shared;
			sourceTree = "<group>";
		};
		998969468E70D792ACC6DFDF /* DesignSystem */ = {
			isa = PBXGroup;
			children = (
				CBCA3FBF51795940B98292CE /* RudderTheme.swift */,
			);
			path = DesignSystem;
			sourceTree = "<group>";
		};
		BFDA317FC987F5469289DD97 /* Packages */ = {
			isa = PBXGroup;
			children = (
				450395F033EAD537FB1B38EE /* RudderKit */,
			);
			path = Packages;
			sourceTree = "<group>";
		};
		C2A75667104EE25123EBADD6 /* Features */ = {
			isa = PBXGroup;
			children = (
				02F2CFBBA0F807B449970372 /* DecisionDetails */,
				6256581D6036CB34D8AF62B5 /* Decisions */,
				668EC6EC4CD64115102AD896 /* Home */,
				D2973A58C8780D8D893610C8 /* NewDecision */,
				DF85E50F11ECA7A867B6C7B0 /* Paywall */,
				685093DF31211CF89CD5B2FA /* Profile */,
				C75F72878EC8E20A226F1F1A /* Recommendation */,
			);
			path = Features;
			sourceTree = "<group>";
		};
		C75F72878EC8E20A226F1F1A /* Recommendation */ = {
			isa = PBXGroup;
			children = (
				3A218437E08E71944680822E /* RecommendationView.swift */,
			);
			path = Recommendation;
			sourceTree = "<group>";
		};
		D2973A58C8780D8D893610C8 /* NewDecision */ = {
			isa = PBXGroup;
			children = (
				BC92AA826F25120E0B2A1306 /* DecisionFlowView.swift */,
			);
			path = NewDecision;
			sourceTree = "<group>";
		};
		DB47AAA5EAEC34C5A297B3A1 /* Tests */ = {
			isa = PBXGroup;
			children = (
				0362D6146A63519DD1BDA005 /* RudderAppTests */,
				1F67B7F6114B72D8A484F88F /* RudderUITests */,
			);
			path = Tests;
			sourceTree = "<group>";
		};
		DF85E50F11ECA7A867B6C7B0 /* Paywall */ = {
			isa = PBXGroup;
			children = (
				3422E089C01C33D7B7C4EC14 /* PaywallView.swift */,
			);
			path = Paywall;
			sourceTree = "<group>";
		};
		EA130D481F9138597E2E776C /* Resources */ = {
			isa = PBXGroup;
			children = (
				D99585940BDA9BE08706266D /* Assets.xcassets */,
				42A590323396990BCBAA203F /* PrivacyInfo.xcprivacy */,
			);
			path = Resources;
			sourceTree = "<group>";
		};
/* End PBXGroup section */

/* Begin PBXNativeTarget section */
		2A8907B64402E0A6E90098D4 /* RudderUITests */ = {
			isa = PBXNativeTarget;
			buildConfigurationList = 641E5D66120CA350DF012721 /* Build configuration list for PBXNativeTarget "RudderUITests" */;
			buildPhases = (
				2D54425055C523262CF63180 /* Sources */,
			);
			buildRules = (
			);
			dependencies = (
				A833934B66F119C08DC41141 /* PBXTargetDependency */,
			);
			name = RudderUITests;
			packageProductDependencies = (
			);
			productName = RudderUITests;
			productReference = C973B1188B363232E4D5CC88 /* RudderUITests.xctest */;
			productType = "com.apple.product-type.bundle.ui-testing";
		};
		4D6395AE825C397774A70C8F /* RudderTests */ = {
			isa = PBXNativeTarget;
			buildConfigurationList = E2F8BBBEF4D6030414D48565 /* Build configuration list for PBXNativeTarget "RudderTests" */;
			buildPhases = (
				E2ADE2C1A5FB8FA1600A0234 /* Sources */,
				71BD9D2DA7565CBD7D92A91C /* Frameworks */,
			);
			buildRules = (
			);
			dependencies = (
				18267256ACAA3AF00F70DB6A /* PBXTargetDependency */,
			);
			name = RudderTests;
			packageProductDependencies = (
				F94935425AE209B19F4999AE /* RudderCore */,
				0DEC87AAEE1EC740961200FE /* RudderFlow */,
			);
			productName = RudderTests;
			productReference = 2E3844136B9D4042F91A2275 /* RudderTests.xctest */;
			productType = "com.apple.product-type.bundle.unit-test";
		};
		5E53540D7499EDDBBC72960B /* Rudder */ = {
			isa = PBXNativeTarget;
			buildConfigurationList = 99EFCD762686BA94B742B7E1 /* Build configuration list for PBXNativeTarget "Rudder" */;
			buildPhases = (
				3FDEDFB2C3D648FBD6005EA0 /* Sources */,
				8407389D4B0CC4C50B84C431 /* Resources */,
				E014144C3B87701F6B38BA68 /* Frameworks */,
			);
			buildRules = (
			);
			dependencies = (
			);
			name = Rudder;
			packageProductDependencies = (
				B8A64398D7992C0CE5EC0A3F /* RudderCore */,
				E5FD8D25D28A005B927A7DCA /* RudderFlow */,
			);
			productName = Rudder;
			productReference = 58CE60A474E30C67E1B15A79 /* Rudder.app */;
			productType = "com.apple.product-type.application";
		};
/* End PBXNativeTarget section */

/* Begin PBXProject section */
		FACA6BF13F559F951850C77B /* Project object */ = {
			isa = PBXProject;
			attributes = {
				BuildIndependentTargetsInParallel = YES;
				LastUpgradeCheck = 1430;
				TargetAttributes = {
					2A8907B64402E0A6E90098D4 = {
						TestTargetID = 5E53540D7499EDDBBC72960B;
					};
					5E53540D7499EDDBBC72960B = {
						ProvisioningStyle = Automatic;
					};
				};
			};
			buildConfigurationList = 9690A860FAF7C818F46687FF /* Build configuration list for PBXProject "Rudder" */;
			compatibilityVersion = "Xcode 14.0";
			developmentRegion = en;
			hasScannedForEncodings = 0;
			knownRegions = (
				Base,
				en,
			);
			mainGroup = 1DF40B292D8B0B405E1DC336;
			minimizedProjectReferenceProxies = 1;
			packageReferences = (
				941B18ACB77BE03471AE3121 /* XCLocalSwiftPackageReference "Packages/RudderKit" */,
			);
			preferredProjectObjectVersion = 77;
			projectDirPath = "";
			projectRoot = "";
			targets = (
				5E53540D7499EDDBBC72960B /* Rudder */,
				4D6395AE825C397774A70C8F /* RudderTests */,
				2A8907B64402E0A6E90098D4 /* RudderUITests */,
			);
		};
/* End PBXProject section */

/* Begin PBXResourcesBuildPhase section */
		8407389D4B0CC4C50B84C431 /* Resources */ = {
			isa = PBXResourcesBuildPhase;
			buildActionMask = 2147483647;
			files = (
				F781F5D7C3A1DAEC6967EB4C /* Assets.xcassets in Resources */,
				DD13FEA0F23184BF1EC611DE /* PrivacyInfo.xcprivacy in Resources */,
			);
			runOnlyForDeploymentPostprocessing = 0;
		};
/* End PBXResourcesBuildPhase section */

/* Begin PBXSourcesBuildPhase section */
		2D54425055C523262CF63180 /* Sources */ = {
			isa = PBXSourcesBuildPhase;
			buildActionMask = 2147483647;
			files = (
				4224A539DCE76D86B8ADDCE6 /* RudderUITests.swift in Sources */,
			);
			runOnlyForDeploymentPostprocessing = 0;
		};
		3FDEDFB2C3D648FBD6005EA0 /* Sources */ = {
			isa = PBXSourcesBuildPhase;
			buildActionMask = 2147483647;
			files = (
				05DAE1340417E6FDA83F18D6 /* AnalysisView.swift in Sources */,
				75CCF1272437CE7BD5752D44 /* AppEnvironment.swift in Sources */,
				63FA111DDFEFCD744E7DCE7F /* DecisionDetailsView.swift in Sources */,
				DAE01BFE94A84AF84F8F33C8 /* DecisionFlowView.swift in Sources */,
				9306A4115F934433A11BFBD1 /* DecisionsView.swift in Sources */,
				85C05B353439F5665FB51B5B /* HomeView.swift in Sources */,
				B8C1A13D88C7F57DA4CBADBA /* PaywallView.swift in Sources */,
				F23200FD98BF76BF59388420 /* PersistenceModels.swift in Sources */,
				9163E5ABBA7F8C8F0327D3AB /* PersistenceService.swift in Sources */,
				4D9BE34EA7F866E1024E3605 /* ProfileView.swift in Sources */,
				BD240AC1ED4FE36702C3DBB2 /* RecommendationView.swift in Sources */,
				638982C041B920B48FE60A42 /* RootView.swift in Sources */,
				01C8333A1D286D6376E50EB3 /* RudderApp.swift in Sources */,
				C08A70B4CA68421AED1E3E71 /* RudderComponents.swift in Sources */,
				1206040E30E1A808B9F002FD /* RudderShortcuts.swift in Sources */,
				393195DDC5B7142E561FADF5 /* RudderTheme.swift in Sources */,
				EFB81D6D6C3BEA3FF877327F /* SubscriptionService.swift in Sources */,
				4015C26264200C3D417C8F88 /* UITestHarness.swift in Sources */,
			);
			runOnlyForDeploymentPostprocessing = 0;
		};
		E2ADE2C1A5FB8FA1600A0234 /* Sources */ = {
			isa = PBXSourcesBuildPhase;
			buildActionMask = 2147483647;
			files = (
				076C27D9F28624B3A990B993 /* EndToEndTests.swift in Sources */,
				1D164F516F74A7CE07498B59 /* EntitlementTests.swift in Sources */,
				4C8F44EF557DAB0ECC551D40 /* PersistenceServiceTests.swift in Sources */,
			);
			runOnlyForDeploymentPostprocessing = 0;
		};
/* End PBXSourcesBuildPhase section */

/* Begin PBXTargetDependency section */
		18267256ACAA3AF00F70DB6A /* PBXTargetDependency */ = {
			isa = PBXTargetDependency;
			target = 5E53540D7499EDDBBC72960B /* Rudder */;
			targetProxy = B092A0C23B6BF68B23E0EA1B /* PBXContainerItemProxy */;
		};
		A833934B66F119C08DC41141 /* PBXTargetDependency */ = {
			isa = PBXTargetDependency;
			target = 5E53540D7499EDDBBC72960B /* Rudder */;
			targetProxy = 0DE971DCDA5D8B1BCD885960 /* PBXContainerItemProxy */;
		};
/* End PBXTargetDependency section */

/* Begin XCBuildConfiguration section */
		0004486FB558ADE4E6D984B1 /* Debug */ = {
			isa = XCBuildConfiguration;
			buildSettings = {
				BUNDLE_LOADER = "$(TEST_HOST)";
				GENERATE_INFOPLIST_FILE = YES;
				LD_RUNPATH_SEARCH_PATHS = (
					"$(inherited)",
					"@executable_path/Frameworks",
					"@loader_path/Frameworks",
				);
				PRODUCT_BUNDLE_IDENTIFIER = com.rudder.RudderUITests;
				SDKROOT = iphoneos;
				TARGETED_DEVICE_FAMILY = "1,2";
				TEST_TARGET_NAME = Rudder;
			};
			name = Debug;
		};
		040E39942C679B347D2125A4 /* Release */ = {
			isa = XCBuildConfiguration;
			buildSettings = {
				BUNDLE_LOADER = "$(TEST_HOST)";
				GENERATE_INFOPLIST_FILE = YES;
				LD_RUNPATH_SEARCH_PATHS = (
					"$(inherited)",
					"@executable_path/Frameworks",
					"@loader_path/Frameworks",
				);
				PRODUCT_BUNDLE_IDENTIFIER = com.rudder.RudderTests;
				SDKROOT = iphoneos;
				TARGETED_DEVICE_FAMILY = "1,2";
				TEST_HOST = "$(BUILT_PRODUCTS_DIR)/Rudder.app/Rudder";
			};
			name = Release;
		};
		2A1926EC1A389832BFF3660C /* Debug */ = {
			isa = XCBuildConfiguration;
			buildSettings = {
				BUNDLE_LOADER = "$(TEST_HOST)";
				GENERATE_INFOPLIST_FILE = YES;
				LD_RUNPATH_SEARCH_PATHS = (
					"$(inherited)",
					"@executable_path/Frameworks",
					"@loader_path/Frameworks",
				);
				PRODUCT_BUNDLE_IDENTIFIER = com.rudder.RudderTests;
				SDKROOT = iphoneos;
				TARGETED_DEVICE_FAMILY = "1,2";
				TEST_HOST = "$(BUILT_PRODUCTS_DIR)/Rudder.app/Rudder";
			};
			name = Debug;
		};
		334306E037F6323314EBF4D4 /* Debug */ = {
			isa = XCBuildConfiguration;
			buildSettings = {
				ALWAYS_SEARCH_USER_PATHS = NO;
				CLANG_ANALYZER_NONNULL = YES;
				CLANG_ANALYZER_NUMBER_OBJECT_CONVERSION = YES_AGGRESSIVE;
				CLANG_CXX_LANGUAGE_STANDARD = "gnu++14";
				CLANG_CXX_LIBRARY = "libc++";
				CLANG_ENABLE_MODULES = YES;
				CLANG_ENABLE_OBJC_ARC = YES;
				CLANG_ENABLE_OBJC_WEAK = YES;
				CLANG_WARN_BLOCK_CAPTURE_AUTORELEASING = YES;
				CLANG_WARN_BOOL_CONVERSION = YES;
				CLANG_WARN_COMMA = YES;
				CLANG_WARN_CONSTANT_CONVERSION = YES;
				CLANG_WARN_DEPRECATED_OBJC_IMPLEMENTATIONS = YES;
				CLANG_WARN_DIRECT_OBJC_ISA_USAGE = YES_ERROR;
				CLANG_WARN_DOCUMENTATION_COMMENTS = YES;
				CLANG_WARN_EMPTY_BODY = YES;
				CLANG_WARN_ENUM_CONVERSION = YES;
				CLANG_WARN_INFINITE_RECURSION = YES;
				CLANG_WARN_INT_CONVERSION = YES;
				CLANG_WARN_NON_LITERAL_NULL_CONVERSION = YES;
				CLANG_WARN_OBJC_IMPLICIT_RETAIN_SELF = YES;
				CLANG_WARN_OBJC_LITERAL_CONVERSION = YES;
				CLANG_WARN_OBJC_ROOT_CLASS = YES_ERROR;
				CLANG_WARN_QUOTED_INCLUDE_IN_FRAMEWORK_HEADER = YES;
				CLANG_WARN_RANGE_LOOP_ANALYSIS = YES;
				CLANG_WARN_STRICT_PROTOTYPES = YES;
				CLANG_WARN_SUSPICIOUS_MOVE = YES;
				CLANG_WARN_UNGUARDED_AVAILABILITY = YES_AGGRESSIVE;
				CLANG_WARN_UNREACHABLE_CODE = YES;
				CLANG_WARN__DUPLICATE_METHOD_MATCH = YES;
				COPY_PHASE_STRIP = NO;
				DEBUG_INFORMATION_FORMAT = dwarf;
				ENABLE_STRICT_OBJC_MSGSEND = YES;
				ENABLE_TESTABILITY = YES;
				ENABLE_USER_SCRIPT_SANDBOXING = YES;
				GCC_C_LANGUAGE_STANDARD = gnu11;
				GCC_DYNAMIC_NO_PIC = NO;
				GCC_NO_COMMON_BLOCKS = YES;
				GCC_OPTIMIZATION_LEVEL = 0;
				GCC_PREPROCESSOR_DEFINITIONS = (
					"$(inherited)",
					"DEBUG=1",
				);
				GCC_WARN_64_TO_32_BIT_CONVERSION = YES;
				GCC_WARN_ABOUT_RETURN_TYPE = YES_ERROR;
				GCC_WARN_UNDECLARED_SELECTOR = YES;
				GCC_WARN_UNINITIALIZED_AUTOS = YES_AGGRESSIVE;
				GCC_WARN_UNUSED_FUNCTION = YES;
				GCC_WARN_UNUSED_VARIABLE = YES;
				IPHONEOS_DEPLOYMENT_TARGET = 17.0;
				MTL_ENABLE_DEBUG_INFO = INCLUDE_SOURCE;
				MTL_FAST_MATH = YES;
				ONLY_ACTIVE_ARCH = YES;
				PRODUCT_NAME = "$(TARGET_NAME)";
				SDKROOT = iphoneos;
				SWIFT_ACTIVE_COMPILATION_CONDITIONS = DEBUG;
				SWIFT_OPTIMIZATION_LEVEL = "-Onone";
				SWIFT_VERSION = 6.0;
			};
			name = Debug;
		};
		7BCBA0BC5BA1B2451834099A /* Release */ = {
			isa = XCBuildConfiguration;
			buildSettings = {
				ALWAYS_SEARCH_USER_PATHS = NO;
				CLANG_ANALYZER_NONNULL = YES;
				CLANG_ANALYZER_NUMBER_OBJECT_CONVERSION = YES_AGGRESSIVE;
				CLANG_CXX_LANGUAGE_STANDARD = "gnu++14";
				CLANG_CXX_LIBRARY = "libc++";
				CLANG_ENABLE_MODULES = YES;
				CLANG_ENABLE_OBJC_ARC = YES;
				CLANG_ENABLE_OBJC_WEAK = YES;
				CLANG_WARN_BLOCK_CAPTURE_AUTORELEASING = YES;
				CLANG_WARN_BOOL_CONVERSION = YES;
				CLANG_WARN_COMMA = YES;
				CLANG_WARN_CONSTANT_CONVERSION = YES;
				CLANG_WARN_DEPRECATED_OBJC_IMPLEMENTATIONS = YES;
				CLANG_WARN_DIRECT_OBJC_ISA_USAGE = YES_ERROR;
				CLANG_WARN_DOCUMENTATION_COMMENTS = YES;
				CLANG_WARN_EMPTY_BODY = YES;
				CLANG_WARN_ENUM_CONVERSION = YES;
				CLANG_WARN_INFINITE_RECURSION = YES;
				CLANG_WARN_INT_CONVERSION = YES;
				CLANG_WARN_NON_LITERAL_NULL_CONVERSION = YES;
				CLANG_WARN_OBJC_IMPLICIT_RETAIN_SELF = YES;
				CLANG_WARN_OBJC_LITERAL_CONVERSION = YES;
				CLANG_WARN_OBJC_ROOT_CLASS = YES_ERROR;
				CLANG_WARN_QUOTED_INCLUDE_IN_FRAMEWORK_HEADER = YES;
				CLANG_WARN_RANGE_LOOP_ANALYSIS = YES;
				CLANG_WARN_STRICT_PROTOTYPES = YES;
				CLANG_WARN_SUSPICIOUS_MOVE = YES;
				CLANG_WARN_UNGUARDED_AVAILABILITY = YES_AGGRESSIVE;
				CLANG_WARN_UNREACHABLE_CODE = YES;
				CLANG_WARN__DUPLICATE_METHOD_MATCH = YES;
				COPY_PHASE_STRIP = NO;
				DEBUG_INFORMATION_FORMAT = "dwarf-with-dsym";
				ENABLE_NS_ASSERTIONS = NO;
				ENABLE_STRICT_OBJC_MSGSEND = YES;
				ENABLE_USER_SCRIPT_SANDBOXING = YES;
				GCC_C_LANGUAGE_STANDARD = gnu11;
				GCC_NO_COMMON_BLOCKS = YES;
				GCC_WARN_64_TO_32_BIT_CONVERSION = YES;
				GCC_WARN_ABOUT_RETURN_TYPE = YES_ERROR;
				GCC_WARN_UNDECLARED_SELECTOR = YES;
				GCC_WARN_UNINITIALIZED_AUTOS = YES_AGGRESSIVE;
				GCC_WARN_UNUSED_FUNCTION = YES;
				GCC_WARN_UNUSED_VARIABLE = YES;
				IPHONEOS_DEPLOYMENT_TARGET = 17.0;
				MTL_ENABLE_DEBUG_INFO = NO;
				MTL_FAST_MATH = YES;
				PRODUCT_NAME = "$(TARGET_NAME)";
				SDKROOT = iphoneos;
				SWIFT_COMPILATION_MODE = wholemodule;
				SWIFT_OPTIMIZATION_LEVEL = "-O";
				SWIFT_VERSION = 6.0;
			};
			name = Release;
		};
		89CAFCC5EC939CE70484F3EE /* Release */ = {
			isa = XCBuildConfiguration;
			baseConfigurationReference = CEE1A921638524CB27EA6EB9 /* Release.xcconfig */;
			buildSettings = {
				CODE_SIGN_IDENTITY = "iPhone Developer";
				GENERATE_INFOPLIST_FILE = NO;
				LD_RUNPATH_SEARCH_PATHS = (
					"$(inherited)",
					"@executable_path/Frameworks",
				);
				SDKROOT = iphoneos;
			};
			name = Release;
		};
		CD509ABD0D66460196D3FF28 /* Debug */ = {
			isa = XCBuildConfiguration;
			baseConfigurationReference = FC9987B51A64B70B271C1709 /* Debug.xcconfig */;
			buildSettings = {
				CODE_SIGN_IDENTITY = "iPhone Developer";
				GENERATE_INFOPLIST_FILE = NO;
				LD_RUNPATH_SEARCH_PATHS = (
					"$(inherited)",
					"@executable_path/Frameworks",
				);
				SDKROOT = iphoneos;
			};
			name = Debug;
		};
		E97899991EC264D7FBC33E90 /* Release */ = {
			isa = XCBuildConfiguration;
			buildSettings = {
				BUNDLE_LOADER = "$(TEST_HOST)";
				GENERATE_INFOPLIST_FILE = YES;
				LD_RUNPATH_SEARCH_PATHS = (
					"$(inherited)",
					"@executable_path/Frameworks",
					"@loader_path/Frameworks",
				);
				PRODUCT_BUNDLE_IDENTIFIER = com.rudder.RudderUITests;
				SDKROOT = iphoneos;
				TARGETED_DEVICE_FAMILY = "1,2";
				TEST_TARGET_NAME = Rudder;
			};
			name = Release;
		};
/* End XCBuildConfiguration section */

/* Begin XCConfigurationList section */
		641E5D66120CA350DF012721 /* Build configuration list for PBXNativeTarget "RudderUITests" */ = {
			isa = XCConfigurationList;
			buildConfigurations = (
				0004486FB558ADE4E6D984B1 /* Debug */,
				E97899991EC264D7FBC33E90 /* Release */,
			);
			defaultConfigurationIsVisible = 0;
			defaultConfigurationName = Debug;
		};
		9690A860FAF7C818F46687FF /* Build configuration list for PBXProject "Rudder" */ = {
			isa = XCConfigurationList;
			buildConfigurations = (
				334306E037F6323314EBF4D4 /* Debug */,
				7BCBA0BC5BA1B2451834099A /* Release */,
			);
			defaultConfigurationIsVisible = 0;
			defaultConfigurationName = Debug;
		};
		99EFCD762686BA94B742B7E1 /* Build configuration list for PBXNativeTarget "Rudder" */ = {
			isa = XCConfigurationList;
			buildConfigurations = (
				CD509ABD0D66460196D3FF28 /* Debug */,
				89CAFCC5EC939CE70484F3EE /* Release */,
			);
			defaultConfigurationIsVisible = 0;
			defaultConfigurationName = Debug;
		};
		E2F8BBBEF4D6030414D48565 /* Build configuration list for PBXNativeTarget "RudderTests" */ = {
			isa = XCConfigurationList;
			buildConfigurations = (
				2A1926EC1A389832BFF3660C /* Debug */,
				040E39942C679B347D2125A4 /* Release */,
			);
			defaultConfigurationIsVisible = 0;
			defaultConfigurationName = Debug;
		};
/* End XCConfigurationList section */

/* Begin XCLocalSwiftPackageReference section */
		941B18ACB77BE03471AE3121 /* XCLocalSwiftPackageReference "Packages/RudderKit" */ = {
			isa = XCLocalSwiftPackageReference;
			relativePath = Packages/RudderKit;
		};
/* End XCLocalSwiftPackageReference section */

/* Begin XCSwiftPackageProductDependency section */
		0DEC87AAEE1EC740961200FE /* RudderFlow */ = {
			isa = XCSwiftPackageProductDependency;
			productName = RudderFlow;
		};
		B8A64398D7992C0CE5EC0A3F /* RudderCore */ = {
			isa = XCSwiftPackageProductDependency;
			productName = RudderCore;
		};
		E5FD8D25D28A005B927A7DCA /* RudderFlow */ = {
			isa = XCSwiftPackageProductDependency;
			productName = RudderFlow;
		};
		F94935425AE209B19F4999AE /* RudderCore */ = {
			isa = XCSwiftPackageProductDependency;
			productName = RudderCore;
		};
/* End XCSwiftPackageProductDependency section */
	};
	rootObject = FACA6BF13F559F951850C77B /* Project object */;
}
